
Microsoft Visual Studio Solution File, Format Version 12.00
# Visual Studio Version 16
VisualStudioVersion = 16.0.30523.141
MinimumVisualStudioVersion = 10.0.40219.1
Project("{2150E333-8FDC-42A3-9474-1A3956D46DE8}") = "Solution Items", "Solution Items", "{DE85FB9A-D36C-4781-97F2-76EC6924CF45}"
EndProject
Project("{2150E333-8FDC-42A3-9474-1A3956D46DE8}") = "001-099", "001-099", "{C617EA02-DA76-4354-B036-3804F91A85AD}"
EndProject
Project("{2150E333-8FDC-42A3-9474-1A3956D46DE8}") = "100-199", "100-199", "{79FBD830-7CF8-4683-BE32-3D60663B5DFC}"
	ProjectSection(SolutionItems) = preProject
		100.decrypted.pl = 100.decrypted.pl
		101.decrypted.pl = 101.decrypted.pl
		102.decrypted.pl = 102.decrypted.pl
		103.decrypted.pl = 103.decrypted.pl
		104.decrypted.pl = 104.decrypted.pl
		105.decrypted.pl = 105.decrypted.pl
		106.decrypted.pl = 106.decrypted.pl
		107.decrypted.pl = 107.decrypted.pl
		108-v1.decrypted.pl = 108-v1.decrypted.pl
		108.decrypted.pl = 108.decrypted.pl
		109.decrypted.pl = 109.decrypted.pl
		110.decrypted.pl = 110.decrypted.pl
		110.decrypted.txt = 110.decrypted.txt
		111.decrypted.pl = 111.decrypted.pl
		112.decrypted.pl = 112.decrypted.pl
		113.decrypted.pl = 113.decrypted.pl
		114.decrypted.pl = 114.decrypted.pl
		115.decrypted.pl = 115.decrypted.pl
		116.decrypted.pl = 116.decrypted.pl
		117.decrypted.pl = 117.decrypted.pl
		118.decrypted.pl = 118.decrypted.pl
		119.decrypted.pl = 119.decrypted.pl
		120.decrypted.pl = 120.decrypted.pl
		121-v1.decrypted.pl = 121-v1.decrypted.pl
		121.decrypted.pl = 121.decrypted.pl
		122.decrypted.pl = 122.decrypted.pl
		123.decrypted.pl = 123.decrypted.pl
		124-v1.decrypted.pl = 124-v1.decrypted.pl
		124.decrypted.pl = 124.decrypted.pl
		125.decrypted.pl = 125.decrypted.pl
		126.decrypted.pl = 126.decrypted.pl
		127-v1.decrypted.pl = 127-v1.decrypted.pl
		127.decrypted.pl = 127.decrypted.pl
		128.decrypted.pl = 128.decrypted.pl
		129.decrypted.pl = 129.decrypted.pl
		130.decrypted.pl = 130.decrypted.pl
		131.decrypted.pl = 131.decrypted.pl
		132.decrypted.pl = 132.decrypted.pl
		133-v1.decrypted.pl = 133-v1.decrypted.pl
		133.decrypted.pl = 133.decrypted.pl
		134-v1.decrypted.pl = 134-v1.decrypted.pl
		134-v2.decrypted.pl = 134-v2.decrypted.pl
		134.decrypted.pl = 134.decrypted.pl
		135.decrypted.pl = 135.decrypted.pl
		136.decrypted.pl = 136.decrypted.pl
		137-v1.decrypted.pl = 137-v1.decrypted.pl
		137.decrypted.pl = 137.decrypted.pl
		138.decrypted.pl = 138.decrypted.pl
		139-v1.decrypted.pl = 139-v1.decrypted.pl
		139.decrypted.pl = 139.decrypted.pl
		140-brute.decrypted.pl = 140-brute.decrypted.pl
		140.decrypted.pl = 140.decrypted.pl
		141-v1.decrypted.pl = 141-v1.decrypted.pl
		141.decrypted.pl = 141.decrypted.pl
		142.decrypted.pl = 142.decrypted.pl
		143.decrypted.pl = 143.decrypted.pl
		144.decrypted.pl = 144.decrypted.pl
		145.decrypted.txt = 145.decrypted.txt
		146-v1.decrypted.pl = 146-v1.decrypted.pl
		146-v2.decrypted.pl = 146-v2.decrypted.pl
		146-v3.decrypted.pl = 146-v3.decrypted.pl
		146-v4.decrypted.pl = 146-v4.decrypted.pl
		146.decrypted.cpp = 146.decrypted.cpp
		147.decrypted.pl = 147.decrypted.pl
		148-v1.decrypted.pl = 148-v1.decrypted.pl
		148-v2.decrypted.pl = 148-v2.decrypted.pl
		148.decrypted.pl = 148.decrypted.pl
		149-v1.decrypted.cpp = 149-v1.decrypted.cpp
		149.decrypted.cpp = 149.decrypted.cpp
		150-brute.decrypted.pl = 150-brute.decrypted.pl
		150.decrypted.pl = 150.decrypted.pl
		151.decrypted.pl = 151.decrypted.pl
		152.decrypted.pl = 152.decrypted.pl
		153.decrypted.cpp = 153.decrypted.cpp
		154-brute.decrypted.pl = 154-brute.decrypted.pl
		154.decrypted.pl = 154.decrypted.pl
		155-v1.decrypted.pl = 155-v1.decrypted.pl
		155.decrypted.pl = 155.decrypted.pl
		156.decrypted.pl = 156.decrypted.pl
		157.decrypted.pl = 157.decrypted.pl
		158.decrypted.pl = 158.decrypted.pl
		159.decrypted.pl = 159.decrypted.pl
		160.decrypted.pl = 160.decrypted.pl
		161.decrypted.pl = 161.decrypted.pl
		162.decrypted.pl = 162.decrypted.pl
		163.decrypted.pl = 163.decrypted.pl
		164.decrypted.pl = 164.decrypted.pl
		165.decrypted.cpp = 165.decrypted.cpp
		165.decrypted.pl = 165.decrypted.pl
		166-brute.decrypted.pl = 166-brute.decrypted.pl
		166.decrypted.pl = 166.decrypted.pl
		167-brute.decrypted.pl = 167-brute.decrypted.pl
		167.decrypted.pl = 167.decrypted.pl
		168.decrypted.pl = 168.decrypted.pl
		169-v1.decrypted.pl = 169-v1.decrypted.pl
		169.decrypted.pl = 169.decrypted.pl
		170.decrypted.cpp = 170.decrypted.cpp
		171.decrypted.cpp = 171.decrypted.cpp
		171.decrypted.pl = 171.decrypted.pl
		172.decrypted.pl = 172.decrypted.pl
		173.decrypted.pl = 173.decrypted.pl
		174.decrypted.pl = 174.decrypted.pl
		178.decrypted.pl = 178.decrypted.pl
		179-v1.decrypted.pl = 179-v1.decrypted.pl
		179.decrypted.pl = 179.decrypted.pl
		181-v1.decrypted.pl = 181-v1.decrypted.pl
		181.decrypted.cpp = 181.decrypted.cpp
		181.decrypted.pl = 181.decrypted.pl
		182-brute.decrypted.cpp = 182-brute.decrypted.cpp
		182-brute.decrypted.pl = 182-brute.decrypted.pl
		183.decrypted.pl = 183.decrypted.pl
		185-v1.decrypted.pl = 185-v1.decrypted.pl
		185-v2.decrypted.pl = 185-v2.decrypted.pl
		185.decrypted.pl = 185.decrypted.pl
		186.decrypted.pl = 186.decrypted.pl
		187-v1.decrypted.pl = 187-v1.decrypted.pl
		187.decrypted.pl = 187.decrypted.pl
		188.decrypted.txt = 188.decrypted.txt
		190.decrypted.pl = 190.decrypted.pl
		191.decrypted.pl = 191.decrypted.pl
		193.decrypted.cpp = 193.decrypted.cpp
		193.decrypted.pl = 193.decrypted.pl
		196.decrypted.pl = 196.decrypted.pl
		197.decrypted.txt = 197.decrypted.txt
	EndProjectSection
EndProject
Project("{2150E333-8FDC-42A3-9474-1A3956D46DE8}") = "00-99", "00-99", "{313D98CD-70D1-421B-A894-36FA144574A8}"
	ProjectSection(SolutionItems) = preProject
		10.decrypted.pl = 10.decrypted.pl
		11.decrypted.pl = 11.decrypted.pl
		12.decrypted.pl = 12.decrypted.pl
		13.decrypted.pl = 13.decrypted.pl
		14.decrypted.pl = 14.decrypted.pl
		15.decrypted.pl = 15.decrypted.pl
		16.decrypted.pl = 16.decrypted.pl
		17.decrypted.pl = 17.decrypted.pl
		18-triangle.txt = 18-triangle.txt
		18.decrypted.pl = 18.decrypted.pl
		19.decrypted.pl = 19.decrypted.pl
		20.decrypted.pl = 20.decrypted.pl
		21.decrypted.pl = 21.decrypted.pl
		22-names.txt = 22-names.txt
		22.decrypted.pl = 22.decrypted.pl
		23.decrypted.pl = 23.decrypted.pl
		24.decrypted.pl = 24.decrypted.pl
		25.decrypted.pl = 25.decrypted.pl
		26.decrypted.pl = 26.decrypted.pl
		27.decrypted.pl = 27.decrypted.pl
		28.decrypted.pl = 28.decrypted.pl
		29.decrypted.pl = 29.decrypted.pl
		30.decrypted.pl = 30.decrypted.pl
		31.decrypted.pl = 31.decrypted.pl
		32.decrypted.pl = 32.decrypted.pl
		33.decrypted.pl = 33.decrypted.pl
		34.decrypted.pl = 34.decrypted.pl
		35.decrypted.pl = 35.decrypted.pl
		36.decrypted.pl = 36.decrypted.pl
		37.decrypted.pl = 37.decrypted.pl
		38.decrypted.pl = 38.decrypted.pl
		39.decrypted.pl = 39.decrypted.pl
		40.decrypted.pl = 40.decrypted.pl
		41.decrypted.pl = 41.decrypted.pl
		42.decrypted.pl = 42.decrypted.pl
		43.decrypted.pl = 43.decrypted.pl
		44.decrypted.pl = 44.decrypted.pl
		45.decrypted.pl = 45.decrypted.pl
		46.decrypted.pl = 46.decrypted.pl
		47.decrypted.pl = 47.decrypted.pl
		48.decrypted.pl = 48.decrypted.pl
		49.decrypted.pl = 49.decrypted.pl
		50.decrypted.pl = 50.decrypted.pl
		51-v1.decrypted.pl = 51-v1.decrypted.pl
		51-v2.decrypted.pl = 51-v2.decrypted.pl
		51.decrypted.pl = 51.decrypted.pl
		52.decrypted.pl = 52.decrypted.pl
		53.decrypted.pl = 53.decrypted.pl
		54-poker.txt = 54-poker.txt
		54.decrypted.pl = 54.decrypted.pl
		55.decrypted.pl = 55.decrypted.pl
		56.decrypted.pl = 56.decrypted.pl
		57.decrypted.pl = 57.decrypted.pl
		58.decrypted.pl = 58.decrypted.pl
		59.decrypted.pl = 59.decrypted.pl
		60-v1.decrypted.pl = 60-v1.decrypted.pl
		60.decrypted.pl = 60.decrypted.pl
		61.decrypted.pl = 61.decrypted.pl
		62.decrypted.pl = 62.decrypted.pl
		63.decrypted.pl = 63.decrypted.pl
		64.decrypted.pl = 64.decrypted.pl
		65.decrypted.pl = 65.decrypted.pl
		66-v1.decrypted.pl = 66-v1.decrypted.pl
		66-v2.decrypted.pl = 66-v2.decrypted.pl
		66.decrypted.pl = 66.decrypted.pl
		67-triangle.txt = 67-triangle.txt
		67.decrypted.pl = 67.decrypted.pl
		68.decrypted.pl = 68.decrypted.pl
		69.decrypted.pl = 69.decrypted.pl
		70.decrypted.pl = 70.decrypted.pl
		71.decrypted.pl = 71.decrypted.pl
		72.decrypted.pl = 72.decrypted.pl
		73.decrypted.pl = 73.decrypted.pl
		74.decrypted.pl = 74.decrypted.pl
		75.decrypted.pl = 75.decrypted.pl
		76.decrypted.pl = 76.decrypted.pl
		77.decrypted.pl = 77.decrypted.pl
		78-v1.decrypted.pl = 78-v1.decrypted.pl
		78.decrypted.pl = 78.decrypted.pl
		79.decrypted.pl = 79.decrypted.pl
		80.decrypted.pl = 80.decrypted.pl
		81.decrypted.pl = 81.decrypted.pl
		82.decrypted.pl = 82.decrypted.pl
		83.decrypted.pl = 83.decrypted.pl
		84.decrypted.pl = 84.decrypted.pl
		85.decrypted.pl = 85.decrypted.pl
		86-v1.decrypted.pl = 86-v1.decrypted.pl
		86-v2.decrypted.pl = 86-v2.decrypted.pl
		86.decrypted.pl = 86.decrypted.pl
		87.decrypted.pl = 87.decrypted.pl
		88-v1.decrypted.pl = 88-v1.decrypted.pl
		88-v2.decrypted.pl = 88-v2.decrypted.pl
		88.decrypted.pl = 88.decrypted.pl
		89.decrypted.pl = 89.decrypted.pl
		90-v1.decrypted.pl = 90-v1.decrypted.pl
		90.decrypted.pl = 90.decrypted.pl
		91.decrypted.pl = 91.decrypted.pl
		92.decrypted.pl = 92.decrypted.pl
		93.decrypted.pl = 93.decrypted.pl
		94.decrypted.pl = 94.decrypted.pl
		95.decrypted.pl = 95.decrypted.pl
		96-v1.decrypted.pl = 96-v1.decrypted.pl
		96.decrypted.pl = 96.decrypted.pl
		97.decrypted.pl = 97.decrypted.pl
		98.decrypted.pl = 98.decrypted.pl
		99.decrypted.pl = 99.decrypted.pl
	EndProjectSection
EndProject
Project("{2150E333-8FDC-42A3-9474-1A3956D46DE8}") = "0-9", "0-9", "{6FE25629-B6FF-444C-9CCC-63F9348C4B6E}"
	ProjectSection(SolutionItems) = preProject
		1.decrypted.txt = 1.decrypted.txt
		2.decrypted.pl = 2.decrypted.pl
		3.decrypted.pl = 3.decrypted.pl
		4.decrypted.pl = 4.decrypted.pl
		5.decrypted.pl = 5.decrypted.pl
		6.decrypted.pl = 6.decrypted.pl
		7.decrypted.pl = 7.decrypted.pl
		8.decrypted.pl = 8.decrypted.pl
		9.decrypted.pl = 9.decrypted.pl
	EndProjectSection
EndProject
Project("{2150E333-8FDC-42A3-9474-1A3956D46DE8}") = "200-299", "200-299", "{AD542A79-7AA5-4DC0-9362-CF01BDF4772D}"
	ProjectSection(SolutionItems) = preProject
		203.decrypted.pl = 203.decrypted.pl
		204.decrypted.pl = 204.decrypted.pl
		205.decrypted.pl = 205.decrypted.pl
		206.decrypted.pl = 206.decrypted.pl
		207.decrypted.pl = 207.decrypted.pl
		209.decrypted.pl = 209.decrypted.pl
		210.decrypted.cpp = 210.decrypted.cpp
		210.decrypted.pl = 210.decrypted.pl
		211.decrypted.cpp = 211.decrypted.cpp
		211.decrypted.pl = 211.decrypted.pl
		213.decrypted.pl = 213.decrypted.pl
		214.decrypted.pl = 214.decrypted.pl
		215-count.decrypted.pl = 215-count.decrypted.pl
		215-follow.decrypted.pl = 215-follow.decrypted.pl
		215.decrypted.pl = 215.decrypted.pl
		216-v1.decrypted.cpp = 216-v1.decrypted.cpp
		216-v2.decrypted.cpp = 216-v2.decrypted.cpp
		216.decrypted.cpp = 216.decrypted.cpp
		216.decrypted.pl = 216.decrypted.pl
		218.decrypted.cpp = 218.decrypted.cpp
		218.decrypted.pl = 218.decrypted.pl
		220.decrypted.pl = 220.decrypted.pl
		223-v1.decrypted.pl = 223-v1.decrypted.pl
		223-v2.decrypted.pl = 223-v2.decrypted.pl
		223-v3.decrypted.pl = 223-v3.decrypted.pl
		223.decrypted.pl = 223.decrypted.pl
		225.decrypted.pl = 225.decrypted.pl
		230.decrypted.pl = 230.decrypted.pl
		231-v1.decrypted.pl = 231-v1.decrypted.pl
		231-v2.decrypted.pl = 231-v2.decrypted.pl
		231.decrypted.pl = 231.decrypted.pl
		232.decrypted.pl = 232.decrypted.pl
		233.decrypted.pl = 233.decrypted.pl
		234.decrypted.pl = 234.decrypted.pl
		235.decrypted.pl = 235.decrypted.pl
		243.decrypted.pl = 243.decrypted.pl
		249.decrypted.cpp = 249.decrypted.cpp
		249.decrypted.pl = 249.decrypted.pl
		250.decrypted.cpp = 250.decrypted.cpp
		250.decrypted.pl = 250.decrypted.pl
		253-v1.decrypted.pl = 253-v1.decrypted.pl
		253.decrypted.pl = 253.decrypted.pl
		265.decrypted.pl = 265.decrypted.pl
		267.decrypted.pl = 267.decrypted.pl
		271.decrypted.pl = 271.decrypted.pl
		276-brute-nogcf.decrypted.pl = 276-brute-nogcf.decrypted.pl
		276-brute.decrypted.pl = 276-brute.decrypted.pl
		276-v1.decrypted.pl = 276-v1.decrypted.pl
		276.decrypted.cpp = 276.decrypted.cpp
		276.decrypted.pl = 276.decrypted.pl
		277.decrypted.pl = 277.decrypted.pl
		285.decrypted.pl = 285.decrypted.pl
		286.decrypted.pl = 286.decrypted.pl
		288-v1.decrypted.pl = 288-v1.decrypted.pl
		288.decrypted.cpp = 288.decrypted.cpp
		288.decrypted.pl = 288.decrypted.pl
		293.decrypted.pl = 293.decrypted.pl
		297.decrypted.pl = 297.decrypted.pl
	EndProjectSection
EndProject
Project("{2150E333-8FDC-42A3-9474-1A3956D46DE8}") = "300-399", "300-399", "{FA9307BE-2143-4FD9-B50D-149AFF180113}"
	ProjectSection(SolutionItems) = preProject
		300.decrypted.pl = 300.decrypted.pl
		301.decrypted.pl = 301.decrypted.pl
		303.decrypted.pl = 303.decrypted.pl
		306.decrypted.pl = 306.decrypted.pl
		313.decrypted.pl = 313.decrypted.pl
		315.decrypted.pl = 315.decrypted.pl
		323.decrypted.pl = 323.decrypted.pl
		325-hack.decrypted.pl = 325-hack.decrypted.pl
		325-v1.decrypted.pl = 325-v1.decrypted.pl
		325-v2.decrypted.pl = 325-v2.decrypted.pl
		325-v3.decrypted.pl = 325-v3.decrypted.pl
		325-v4.decrypted.pl = 325-v4.decrypted.pl
		325.decrypted.cpp = 325.decrypted.cpp
		325.decrypted.pl = 325.decrypted.pl
		329.decrypted.pl = 329.decrypted.pl
		336.decrypted.pl = 336.decrypted.pl
		344-brute.decrypted.pl = 344-brute.decrypted.pl
		344-v1.decrypted.cpp = 344-v1.decrypted.cpp
		344-v1.decrypted.pl = 344-v1.decrypted.pl
		344-v2.decrypted.pl = 344-v2.decrypted.pl
		344-v3.decrypted.pl = 344-v3.decrypted.pl
		344.decrypted.cpp = 344.decrypted.cpp
		344.decrypted.pl = 344.decrypted.pl
		345.decrypted.pl = 345.decrypted.pl
		346.decrypted.cpp = 346.decrypted.cpp
		346.decrypted.pl = 346.decrypted.pl
		347-v1.decrypted.pl = 347-v1.decrypted.pl
		347.decrypted.pl = 347.decrypted.pl
		348.decrypted.pl = 348.decrypted.pl
		351-v1.decrypted.pl = 351-v1.decrypted.pl
		351.decrypted.cpp = 351.decrypted.cpp
		351.decrypted.pl = 351.decrypted.pl
		357-brute.decrypted.pl = 357-brute.decrypted.pl
		357.decrypted.cpp = 357.decrypted.cpp
		357.decrypted.pl = 357.decrypted.pl
		363.decrypted.pl = 363.decrypted.pl
		364-v1.decrypted.pl = 364-v1.decrypted.pl
		364.decrypted.cpp = 364.decrypted.cpp
		364.decrypted.pl = 364.decrypted.pl
		365.decrypted.cpp = 365.decrypted.cpp
		365.decrypted.pl = 365.decrypted.pl
		367.decrypted.pl = 367.decrypted.pl
		371.decrypted.pl = 371.decrypted.pl
		381-v1.decrypted.pl = 381-v1.decrypted.pl
		381.decrypted.pl = 381.decrypted.pl
		387.decrypted.pl = 387.decrypted.pl
		393-v1.decrypted.pl = 393-v1.decrypted.pl
		393-v2.decrypted.pl = 393-v2.decrypted.pl
		393-v3.decrypted.pl = 393-v3.decrypted.pl
		393.decrypted.pl = 393.decrypted.pl
	EndProjectSection
EndProject
Project("{2150E333-8FDC-42A3-9474-1A3956D46DE8}") = "400-499", "400-499", "{75F2BAB8-8CF1-434C-9BA8-0307D07D9E3B}"
	ProjectSection(SolutionItems) = preProject
		401-brute.decrypted.pl = 401-brute.decrypted.pl
		401-v1.decrypted.pl = 401-v1.decrypted.pl
		401-v2.decrypted.pl = 401-v2.decrypted.pl
		401.decrypted.cpp = 401.decrypted.cpp
		407-brute.decrypted.pl = 407-brute.decrypted.pl
		407-conjecture.decrypted.pl = 407-conjecture.decrypted.pl
		407-one.decrypted.pl = 407-one.decrypted.pl
		407-v1.decrypted.cpp = 407-v1.decrypted.cpp
		407-v1.decrypted.pl = 407-v1.decrypted.pl
		407-v2.decrypted.pl = 407-v2.decrypted.pl
		407-v3.decrypted.pl = 407-v3.decrypted.pl
		407.decrypted.cpp = 407.decrypted.cpp
		407.decrypted.pl = 407.decrypted.pl
		408-v1.decrypted.cpp = 408-v1.decrypted.cpp
		408.decrypted.cpp = 408.decrypted.cpp
		408.decrypted.pl = 408.decrypted.pl
		429.decrypted.cpp = 429.decrypted.cpp
		429.decrypted.pl = 429.decrypted.pl
		491.decrypted.pl = 491.decrypted.pl
		493.decrypted.pl = 493.decrypted.pl
	EndProjectSection
EndProject
Project("{2150E333-8FDC-42A3-9474-1A3956D46DE8}") = "500-599", "500-599", "{D190DD1E-1298-4AEB-B025-1F7CAD2A25EE}"
	ProjectSection(SolutionItems) = preProject
		500-v1.decrypted.cpp = 500-v1.decrypted.cpp
		500-v1.decrypted.pl = 500-v1.decrypted.pl
		500-v2.decrypted.pl = 500-v2.decrypted.pl
		500.decrypted.cpp = 500.decrypted.cpp
		500.decrypted.pl = 500.decrypted.pl
		504-v1.decrypted.cpp = 504-v1.decrypted.cpp
		504.decrypted.cpp = 504.decrypted.cpp
		504.decrypted.pl = 504.decrypted.pl
		516.decrypted.cpp = 516.decrypted.cpp
		516.decrypted.pl = 516.decrypted.pl
		517-v1.decrypted.cpp = 517-v1.decrypted.cpp
		517-v2.decrypted.cpp = 517-v2.decrypted.cpp
		517.decrypted.cpp = 517.decrypted.cpp
		517.decrypted.pl = 517.decrypted.pl
		518-v1.decrypted.pl = 518-v1.decrypted.pl
		518.decrypted.cpp = 518.decrypted.cpp
		518.decrypted.pl = 518.decrypted.pl
		519.decrypted.cpp = 519.decrypted.cpp
		519.decrypted.pl = 519.decrypted.pl
		520-v1.decrypted.pl = 520-v1.decrypted.pl
		520-v2.decrypted.pl = 520-v2.decrypted.pl
		520-v3.decrypted.pl = 520-v3.decrypted.pl
		520-v4.decrypted.pl = 520-v4.decrypted.pl
		520.decrypted.cpp = 520.decrypted.cpp
		520.decrypted.pl = 520.decrypted.pl
		549.decrypted.cpp = 549.decrypted.cpp
		549.decrypted.pl = 549.decrypted.pl
	EndProjectSection
EndProject
Project("{2150E333-8FDC-42A3-9474-1A3956D46DE8}") = "600-699", "600-699", "{692408CB-F498-425F-B950-D154385D614F}"
EndProject
Global
	GlobalSection(SolutionProperties) = preSolution
		HideSolutionNode = FALSE
	EndGlobalSection
	GlobalSection(NestedProjects) = preSolution
		{C617EA02-DA76-4354-B036-3804F91A85AD} = {DE85FB9A-D36C-4781-97F2-76EC6924CF45}
		{79FBD830-7CF8-4683-BE32-3D60663B5DFC} = {DE85FB9A-D36C-4781-97F2-76EC6924CF45}
		{313D98CD-70D1-421B-A894-36FA144574A8} = {C617EA02-DA76-4354-B036-3804F91A85AD}
		{6FE25629-B6FF-444C-9CCC-63F9348C4B6E} = {313D98CD-70D1-421B-A894-36FA144574A8}
		{AD542A79-7AA5-4DC0-9362-CF01BDF4772D} = {DE85FB9A-D36C-4781-97F2-76EC6924CF45}
		{FA9307BE-2143-4FD9-B50D-149AFF180113} = {DE85FB9A-D36C-4781-97F2-76EC6924CF45}
		{75F2BAB8-8CF1-434C-9BA8-0307D07D9E3B} = {DE85FB9A-D36C-4781-97F2-76EC6924CF45}
		{D190DD1E-1298-4AEB-B025-1F7CAD2A25EE} = {DE85FB9A-D36C-4781-97F2-76EC6924CF45}
		{692408CB-F498-425F-B950-D154385D614F} = {DE85FB9A-D36C-4781-97F2-76EC6924CF45}
	EndGlobalSection
	GlobalSection(ExtensibilityGlobals) = postSolution
		SolutionGuid = {031CDC22-54EA-41AD-BE8C-CEA2883C1431}
	EndGlobalSection
EndGlobal
