
Microsoft Visual Studio Solution File, Format Version 12.00
# Visual Studio 14
VisualStudioVersion = 14.0.24720.0
MinimumVisualStudioVersion = 10.0.40219.1
Project("{2150E333-8FDC-42A3-9474-1A3956D46DE8}") = "Solution Items", "Solution Items", "{DE85FB9A-D36C-4781-97F2-76EC6924CF45}"
	ProjectSection(SolutionItems) = preProject
		1.txt.decrypted = 1.txt.decrypted
		10.pl.decrypted = 10.pl.decrypted
		100.pl.decrypted = 100.pl.decrypted
		101.pl.decrypted = 101.pl.decrypted
		102.pl.decrypted = 102.pl.decrypted
		103.pl.decrypted = 103.pl.decrypted
		104.pl.decrypted = 104.pl.decrypted
		105.pl.decrypted = 105.pl.decrypted
		106.pl.decrypted = 106.pl.decrypted
		107.pl.decrypted = 107.pl.decrypted
		108-v1.pl.decrypted = 108-v1.pl.decrypted
		108.pl.decrypted = 108.pl.decrypted
		109.pl.decrypted = 109.pl.decrypted
		11.pl.decrypted = 11.pl.decrypted
		110.txt.decrypted = 110.txt.decrypted
		111.pl.decrypted = 111.pl.decrypted
		112.pl.decrypted = 112.pl.decrypted
		113.pl.decrypted = 113.pl.decrypted
		114.pl.decrypted = 114.pl.decrypted
		115.pl.decrypted = 115.pl.decrypted
		116.pl.decrypted = 116.pl.decrypted
		117.pl.decrypted = 117.pl.decrypted
		118.pl.decrypted = 118.pl.decrypted
		119.pl.decrypted = 119.pl.decrypted
		12.pl.decrypted = 12.pl.decrypted
		120.pl.decrypted = 120.pl.decrypted
		121-v1.pl.decrypted = 121-v1.pl.decrypted
		121.pl.decrypted = 121.pl.decrypted
		122.pl.decrypted = 122.pl.decrypted
		123.pl.decrypted = 123.pl.decrypted
		124-v1.pl.decrypted = 124-v1.pl.decrypted
		124.pl.decrypted = 124.pl.decrypted
		125.pl.decrypted = 125.pl.decrypted
		126.pl.decrypted = 126.pl.decrypted
		127-v1.pl.decrypted = 127-v1.pl.decrypted
		127.pl.decrypted = 127.pl.decrypted
		128.pl.decrypted = 128.pl.decrypted
		129.pl.decrypted = 129.pl.decrypted
		13.pl.decrypted = 13.pl.decrypted
		130.pl.decrypted = 130.pl.decrypted
		131.pl.decrypted = 131.pl.decrypted
		132.pl.decrypted = 132.pl.decrypted
		133-v1.pl.decrypted = 133-v1.pl.decrypted
		133.pl.decrypted = 133.pl.decrypted
		134-v1.pl.decrypted = 134-v1.pl.decrypted
		134-v2.pl.decrypted = 134-v2.pl.decrypted
		134.pl.decrypted = 134.pl.decrypted
		135.pl.decrypted = 135.pl.decrypted
		136.pl.decrypted = 136.pl.decrypted
		137-v1.pl.decrypted = 137-v1.pl.decrypted
		137.pl.decrypted = 137.pl.decrypted
		138.pl.decrypted = 138.pl.decrypted
		139-v1.pl.decrypted = 139-v1.pl.decrypted
		139.pl.decrypted = 139.pl.decrypted
		14.pl.decrypted = 14.pl.decrypted
		140-brute.pl.decrypted = 140-brute.pl.decrypted
		140.pl.decrypted = 140.pl.decrypted
		141-v1.pl.decrypted = 141-v1.pl.decrypted
		141.pl.decrypted = 141.pl.decrypted
		142.pl.decrypted = 142.pl.decrypted
		144.pl.decrypted = 144.pl.decrypted
		145.txt.decrypted = 145.txt.decrypted
		146-v1.pl.decrypted = 146-v1.pl.decrypted
		146-v2.pl.decrypted = 146-v2.pl.decrypted
		146-v3.pl.decrypted = 146-v3.pl.decrypted
		146-v4.pl.decrypted = 146-v4.pl.decrypted
		146.cpp.decrypted = 146.cpp.decrypted
		147.pl.decrypted = 147.pl.decrypted
		148-v1.pl.decrypted = 148-v1.pl.decrypted
		148-v2.pl.decrypted = 148-v2.pl.decrypted
		148.pl.decrypted = 148.pl.decrypted
		149-v1.cpp.decrypted = 149-v1.cpp.decrypted
		149.cpp.decrypted = 149.cpp.decrypted
		15.pl.decrypted = 15.pl.decrypted
		150-brute.pl.decrypted = 150-brute.pl.decrypted
		150.pl.decrypted = 150.pl.decrypted
		151.pl.decrypted = 151.pl.decrypted
		152.pl.decrypted = 152.pl.decrypted
		153.cpp.decrypted = 153.cpp.decrypted
		154-brute.pl.decrypted = 154-brute.pl.decrypted
		154.pl.decrypted = 154.pl.decrypted
		155-v1.pl.decrypted = 155-v1.pl.decrypted
		155.pl.decrypted = 155.pl.decrypted
		156.pl.decrypted = 156.pl.decrypted
		157.pl.decrypted = 157.pl.decrypted
		158.pl.decrypted = 158.pl.decrypted
		159.pl.decrypted = 159.pl.decrypted
		16.pl.decrypted = 16.pl.decrypted
		160.pl.decrypted = 160.pl.decrypted
		161.pl.decrypted = 161.pl.decrypted
		162.pl.decrypted = 162.pl.decrypted
		163.pl.decrypted = 163.pl.decrypted
		164.pl.decrypted = 164.pl.decrypted
		165.cpp.decrypted = 165.cpp.decrypted
		165.pl.decrypted = 165.pl.decrypted
		166-brute.pl.decrypted = 166-brute.pl.decrypted
		166.pl.decrypted = 166.pl.decrypted
		167-brute.pl.decrypted = 167-brute.pl.decrypted
		167.pl.decrypted = 167.pl.decrypted
		168.pl.decrypted = 168.pl.decrypted
		169.pl.decrypted = 169.pl.decrypted
		17.pl.decrypted = 17.pl.decrypted
		171.cpp.decrypted = 171.cpp.decrypted
		171.pl.decrypted = 171.pl.decrypted
		172.pl.decrypted = 172.pl.decrypted
		173.pl.decrypted = 173.pl.decrypted
		174.pl.decrypted = 174.pl.decrypted
		178.pl.decrypted = 178.pl.decrypted
		179-v1.pl.decrypted = 179-v1.pl.decrypted
		179.pl.decrypted = 179.pl.decrypted
		18-triangle.txt = 18-triangle.txt
		18.pl.decrypted = 18.pl.decrypted
		181-v1.pl.decrypted = 181-v1.pl.decrypted
		181.cpp.decrypted = 181.cpp.decrypted
		181.pl.decrypted = 181.pl.decrypted
		183.pl.decrypted = 183.pl.decrypted
		185-v1.pl.decrypted = 185-v1.pl.decrypted
		185-v2.pl.decrypted = 185-v2.pl.decrypted
		185.pl.decrypted = 185.pl.decrypted
		186.pl.decrypted = 186.pl.decrypted
		187-v1.pl.decrypted = 187-v1.pl.decrypted
		187.pl.decrypted = 187.pl.decrypted
		188.txt.decrypted = 188.txt.decrypted
		19.pl.decrypted = 19.pl.decrypted
		190.pl.decrypted = 190.pl.decrypted
		191.pl.decrypted = 191.pl.decrypted
		193.cpp.decrypted = 193.cpp.decrypted
		193.pl.decrypted = 193.pl.decrypted
		197.txt.decrypted = 197.txt.decrypted
		2.pl.decrypted = 2.pl.decrypted
		20.pl.decrypted = 20.pl.decrypted
		203.pl.decrypted = 203.pl.decrypted
		204.pl.decrypted = 204.pl.decrypted
		205.pl.decrypted = 205.pl.decrypted
		206.pl.decrypted = 206.pl.decrypted
		207.pl.decrypted = 207.pl.decrypted
		209.pl.decrypted = 209.pl.decrypted
		21.pl.decrypted = 21.pl.decrypted
		210.cpp.decrypted = 210.cpp.decrypted
		210.pl.decrypted = 210.pl.decrypted
		211.cpp.decrypted = 211.cpp.decrypted
		211.pl.decrypted = 211.pl.decrypted
		215-count.pl.decrypted = 215-count.pl.decrypted
		215-follow.pl.decrypted = 215-follow.pl.decrypted
		215.pl.decrypted = 215.pl.decrypted
		216-v1.cpp.decrypted = 216-v1.cpp.decrypted
		216-v2.cpp.decrypted = 216-v2.cpp.decrypted
		216.cpp.decrypted = 216.cpp.decrypted
		216.pl.decrypted = 216.pl.decrypted
		218.cpp.decrypted = 218.cpp.decrypted
		218.pl.decrypted = 218.pl.decrypted
		22-names.txt = 22-names.txt
		22.pl.decrypted = 22.pl.decrypted
		220.pl.decrypted = 220.pl.decrypted
		223-v1.pl.decrypted = 223-v1.pl.decrypted
		223-v2.pl.decrypted = 223-v2.pl.decrypted
		223-v3.pl.decrypted = 223-v3.pl.decrypted
		223.pl.decrypted = 223.pl.decrypted
		225.pl.decrypted = 225.pl.decrypted
		23.pl.decrypted = 23.pl.decrypted
		230.pl.decrypted = 230.pl.decrypted
		231-v1.pl.decrypted = 231-v1.pl.decrypted
		231-v2.pl.decrypted = 231-v2.pl.decrypted
		231.pl.decrypted = 231.pl.decrypted
		232.pl.decrypted = 232.pl.decrypted
		233.pl.decrypted = 233.pl.decrypted
		234.pl.decrypted = 234.pl.decrypted
		235.pl.decrypted = 235.pl.decrypted
		24.pl.decrypted = 24.pl.decrypted
		25.pl.decrypted = 25.pl.decrypted
		250.cpp.decrypted = 250.cpp.decrypted
		250.pl.decrypted = 250.pl.decrypted
		253-v1.pl.decrypted = 253-v1.pl.decrypted
		253.pl.decrypted = 253.pl.decrypted
		26.pl.decrypted = 26.pl.decrypted
		265.pl.decrypted = 265.pl.decrypted
		267.pl.decrypted = 267.pl.decrypted
		27.pl.decrypted = 27.pl.decrypted
		271.pl.decrypted = 271.pl.decrypted
		276-brute-nogcf.pl.decrypted = 276-brute-nogcf.pl.decrypted
		276-brute.pl.decrypted = 276-brute.pl.decrypted
		276-v1.pl.decrypted = 276-v1.pl.decrypted
		276.cpp.decrypted = 276.cpp.decrypted
		276.pl.decrypted = 276.pl.decrypted
		277.pl.decrypted = 277.pl.decrypted
		28.pl.decrypted = 28.pl.decrypted
		285.pl.decrypted = 285.pl.decrypted
		286.pl.decrypted = 286.pl.decrypted
		288-v1.pl.decrypted = 288-v1.pl.decrypted
		288.cpp.decrypted = 288.cpp.decrypted
		288.pl.decrypted = 288.pl.decrypted
		29.pl.decrypted = 29.pl.decrypted
		293.pl.decrypted = 293.pl.decrypted
		297.pl.decrypted = 297.pl.decrypted
		3.pl.decrypted = 3.pl.decrypted
		30.pl.decrypted = 30.pl.decrypted
		300.pl.decrypted = 300.pl.decrypted
		301.pl.decrypted = 301.pl.decrypted
		303.pl.decrypted = 303.pl.decrypted
		306.pl.decrypted = 306.pl.decrypted
		31.pl.decrypted = 31.pl.decrypted
		315.pl.decrypted = 315.pl.decrypted
		32.pl.decrypted = 32.pl.decrypted
		323.pl.decrypted = 323.pl.decrypted
		325-hack.pl.decrypted = 325-hack.pl.decrypted
		325-v1.pl.decrypted = 325-v1.pl.decrypted
		325-v2.pl.decrypted = 325-v2.pl.decrypted
		325-v3.pl.decrypted = 325-v3.pl.decrypted
		325-v4.pl.decrypted = 325-v4.pl.decrypted
		325.cpp.decrypted = 325.cpp.decrypted
		325.pl.decrypted = 325.pl.decrypted
		329.pl.decrypted = 329.pl.decrypted
		33.pl.decrypted = 33.pl.decrypted
		336.pl.decrypted = 336.pl.decrypted
		34.pl.decrypted = 34.pl.decrypted
		344-brute.pl.decrypted = 344-brute.pl.decrypted
		344-v1.cpp.decrypted = 344-v1.cpp.decrypted
		344-v1.pl.decrypted = 344-v1.pl.decrypted
		344-v2.pl.decrypted = 344-v2.pl.decrypted
		344-v3.pl.decrypted = 344-v3.pl.decrypted
		344.cpp.decrypted = 344.cpp.decrypted
		344.pl.decrypted = 344.pl.decrypted
		345.pl.decrypted = 345.pl.decrypted
		346.cpp.decrypted = 346.cpp.decrypted
		346.pl.decrypted = 346.pl.decrypted
		347-v1.pl.decrypted = 347-v1.pl.decrypted
		347.pl.decrypted = 347.pl.decrypted
		35.pl.decrypted = 35.pl.decrypted
		357-brute.pl.decrypted = 357-brute.pl.decrypted
		357.cpp.decrypted = 357.cpp.decrypted
		357.pl.decrypted = 357.pl.decrypted
		36.pl.decrypted = 36.pl.decrypted
		363.pl.decrypted = 363.pl.decrypted
		364-v1.pl.decrypted = 364-v1.pl.decrypted
		364.cpp.decrypted = 364.cpp.decrypted
		364.pl.decrypted = 364.pl.decrypted
		365.cpp.decrypted = 365.cpp.decrypted
		365.pl.decrypted = 365.pl.decrypted
		367.pl.decrypted = 367.pl.decrypted
		37.pl.decrypted = 37.pl.decrypted
		38.pl.decrypted = 38.pl.decrypted
		39.pl.decrypted = 39.pl.decrypted
		4.pl.decrypted = 4.pl.decrypted
		40.pl.decrypted = 40.pl.decrypted
		41.pl.decrypted = 41.pl.decrypted
		42.pl.decrypted = 42.pl.decrypted
		43.pl.decrypted = 43.pl.decrypted
		44.pl.decrypted = 44.pl.decrypted
		45.pl.decrypted = 45.pl.decrypted
		46.pl.decrypted = 46.pl.decrypted
		47.pl.decrypted = 47.pl.decrypted
		48.pl.decrypted = 48.pl.decrypted
		49.pl.decrypted = 49.pl.decrypted
		5.pl.decrypted = 5.pl.decrypted
		50.pl.decrypted = 50.pl.decrypted
		51-v1.pl.decrypted = 51-v1.pl.decrypted
		51-v2.pl.decrypted = 51-v2.pl.decrypted
		51.pl.decrypted = 51.pl.decrypted
		52.pl.decrypted = 52.pl.decrypted
		53.pl.decrypted = 53.pl.decrypted
		54-poker.txt = 54-poker.txt
		54.pl.decrypted = 54.pl.decrypted
		55.pl.decrypted = 55.pl.decrypted
		56.pl.decrypted = 56.pl.decrypted
		57.pl.decrypted = 57.pl.decrypted
		58.pl.decrypted = 58.pl.decrypted
		59.pl.decrypted = 59.pl.decrypted
		6.pl.decrypted = 6.pl.decrypted
		60-v1.pl.decrypted = 60-v1.pl.decrypted
		60.pl.decrypted = 60.pl.decrypted
		61.pl.decrypted = 61.pl.decrypted
		62.pl.decrypted = 62.pl.decrypted
		63.pl.decrypted = 63.pl.decrypted
		64.pl.decrypted = 64.pl.decrypted
		65.pl.decrypted = 65.pl.decrypted
		66-v1.pl.decrypted = 66-v1.pl.decrypted
		66-v2.pl.decrypted = 66-v2.pl.decrypted
		66.pl.decrypted = 66.pl.decrypted
		67-triangle.txt = 67-triangle.txt
		67.pl.decrypted = 67.pl.decrypted
		68.pl.decrypted = 68.pl.decrypted
		69.pl.decrypted = 69.pl.decrypted
		7.pl.decrypted = 7.pl.decrypted
		70.pl.decrypted = 70.pl.decrypted
		71.pl.decrypted = 71.pl.decrypted
		72.pl.decrypted = 72.pl.decrypted
		73.pl.decrypted = 73.pl.decrypted
		74.pl.decrypted = 74.pl.decrypted
		75.pl.decrypted = 75.pl.decrypted
		76.pl.decrypted = 76.pl.decrypted
		77.pl.decrypted = 77.pl.decrypted
		78-v1.pl.decrypted = 78-v1.pl.decrypted
		78.pl.decrypted = 78.pl.decrypted
		79.pl.decrypted = 79.pl.decrypted
		8.pl.decrypted = 8.pl.decrypted
		80.pl.decrypted = 80.pl.decrypted
		81.pl.decrypted = 81.pl.decrypted
		82.pl.decrypted = 82.pl.decrypted
		83.pl.decrypted = 83.pl.decrypted
		84.pl.decrypted = 84.pl.decrypted
		85.pl.decrypted = 85.pl.decrypted
		86-v1.pl.decrypted = 86-v1.pl.decrypted
		86-v2.pl.decrypted = 86-v2.pl.decrypted
		86.pl.decrypted = 86.pl.decrypted
		87.pl.decrypted = 87.pl.decrypted
		88-v1.pl.decrypted = 88-v1.pl.decrypted
		88-v2.pl.decrypted = 88-v2.pl.decrypted
		88.pl.decrypted = 88.pl.decrypted
		89.pl.decrypted = 89.pl.decrypted
		9.pl.decrypted = 9.pl.decrypted
		90-v1.pl.decrypted = 90-v1.pl.decrypted
		90.pl.decrypted = 90.pl.decrypted
		91.pl.decrypted = 91.pl.decrypted
		92.pl.decrypted = 92.pl.decrypted
		93.pl.decrypted = 93.pl.decrypted
		94.pl.decrypted = 94.pl.decrypted
		95.pl.decrypted = 95.pl.decrypted
		96-v1.pl.decrypted = 96-v1.pl.decrypted
		96.pl.decrypted = 96.pl.decrypted
		97.pl.decrypted = 97.pl.decrypted
		98.pl.decrypted = 98.pl.decrypted
		99.pl.decrypted = 99.pl.decrypted
	EndProjectSection
EndProject
Global
	GlobalSection(SolutionProperties) = preSolution
		HideSolutionNode = FALSE
	EndGlobalSection
EndGlobal
